
Microsoft Visual Studio Solution File, Format Version 12.00
# Visual Studio 2013
VisualStudioVersion = 12.0.40629.0
MinimumVisualStudioVersion = 10.0.40219.1
Project("{FAE04EC0-301F-11D3-BF4B-00C04F79EFBC}") = "Bowling", "Challenge 4 Bowling\Bowling.csproj", "{3CD94037-88BE-4002-94CE-B7235084C101}"
EndProject
Project("{FAE04EC0-301F-11D3-BF4B-00C04F79EFBC}") = "BowlingTests", "BowlingTests\BowlingTests.csproj", "{D0D0D35A-9186-4A47-BB6C-A77579221D02}"
EndProject
Global
	GlobalSection(SolutionConfigurationPlatforms) = preSolution
		Debug|Any CPU = Debug|Any CPU
		Release|Any CPU = Release|Any CPU
	EndGlobalSection
	GlobalSection(ProjectConfigurationPlatforms) = postSolution
		{3CD94037-88BE-4002-94CE-B7235084C101}.Debug|Any CPU.ActiveCfg = Debug|Any CPU
		{3CD94037-88BE-4002-94CE-B7235084C101}.Debug|Any CPU.Build.0 = Debug|Any CPU
		{3CD94037-88BE-4002-94CE-B7235084C101}.Release|Any CPU.ActiveCfg = Release|Any CPU
		{3CD94037-88BE-4002-94CE-B7235084C101}.Release|Any CPU.Build.0 = Release|Any CPU
		{D0D0D35A-9186-4A47-BB6C-A77579221D02}.Debug|Any CPU.ActiveCfg = Debug|Any CPU
		{D0D0D35A-9186-4A47-BB6C-A77579221D02}.Debug|Any CPU.Build.0 = Debug|Any CPU
		{D0D0D35A-9186-4A47-BB6C-A77579221D02}.Release|Any CPU.ActiveCfg = Release|Any CPU
		{D0D0D35A-9186-4A47-BB6C-A77579221D02}.Release|Any CPU.Build.0 = Release|Any CPU
	EndGlobalSection
	GlobalSection(SolutionProperties) = preSolution
		HideSolutionNode = FALSE
	EndGlobalSection
EndGlobal
